// !$*UTF8*$!
{
	archiveVersion = 1;
	classes = {
	};
	objectVersion = 46;
	objects = {

/* Begin PBXBuildFile section */
		D419B6C4186EEEAD00A914CD /* DTCNetworkManager.m in Sources */ = {isa = PBXBuildFile; fileRef = D419B6C3186EEEAD00A914CD /* DTCNetworkManager.m */; };
		D419B6C81870875B00A914CD /* DTCCallViewController.m in Sources */ = {isa = PBXBuildFile; fileRef = D419B6C71870875B00A914CD /* DTCCallViewController.m */; };
		D4244061186D76B500ED713D /* DTCAddressBook.m in Sources */ = {isa = PBXBuildFile; fileRef = D4244060186D76B500ED713D /* DTCAddressBook.m */; };
		D4244063186D807D00ED713D /* AddressBook.framework in Frameworks */ = {isa = PBXBuildFile; fileRef = D4244062186D807D00ED713D /* AddressBook.framework */; };
		D4244065186D80AA00ED713D /* AddressBookUI.framework in Frameworks */ = {isa = PBXBuildFile; fileRef = D4244064186D80AA00ED713D /* AddressBookUI.framework */; };
		D4477F61186E3F21008FADCF /* PRPAlertView.m in Sources */ = {isa = PBXBuildFile; fileRef = D4477F60186E3F21008FADCF /* PRPAlertView.m */; };
		D480213618B1416E0056B0F7 /* STHTTPRequest.m in Sources */ = {isa = PBXBuildFile; fileRef = D480213518B1416E0056B0F7 /* STHTTPRequest.m */; };
		D480213A18B145100056B0F7 /* Reachability.m in Sources */ = {isa = PBXBuildFile; fileRef = D480213918B145100056B0F7 /* Reachability.m */; };
		D49BCBBC186732C900053424 /* Foundation.framework in Frameworks */ = {isa = PBXBuildFile; fileRef = D49BCBBB186732C900053424 /* Foundation.framework */; };
		D49BCBBE186732C900053424 /* CoreGraphics.framework in Frameworks */ = {isa = PBXBuildFile; fileRef = D49BCBBD186732C900053424 /* CoreGraphics.framework */; };
		D49BCBC0186732C900053424 /* UIKit.framework in Frameworks */ = {isa = PBXBuildFile; fileRef = D49BCBBF186732C900053424 /* UIKit.framework */; };
		D49BCBC6186732C900053424 /* InfoPlist.strings in Resources */ = {isa = PBXBuildFile; fileRef = D49BCBC4186732C900053424 /* InfoPlist.strings */; };
		D49BCBC8186732C900053424 /* main.m in Sources */ = {isa = PBXBuildFile; fileRef = D49BCBC7186732C900053424 /* main.m */; };
		D49BCBCC186732C900053424 /* DTCAppDelegate.m in Sources */ = {isa = PBXBuildFile; fileRef = D49BCBCB186732C900053424 /* DTCAppDelegate.m */; };
		D49BCBD2186732C900053424 /* DTCAnsweredCallsViewController.m in Sources */ = {isa = PBXBuildFile; fileRef = D49BCBD1186732C900053424 /* DTCAnsweredCallsViewController.m */; };
		D49BCBD5186732C900053424 /* DTCMissedCallsViewController.m in Sources */ = {isa = PBXBuildFile; fileRef = D49BCBD4186732C900053424 /* DTCMissedCallsViewController.m */; };
		D49BCBD7186732C900053424 /* Images.xcassets in Resources */ = {isa = PBXBuildFile; fileRef = D49BCBD6186732C900053424 /* Images.xcassets */; };
		D4BF50D519C8688E003B9B44 /* NSMutableArray+SWUtilityButtons.m in Sources */ = {isa = PBXBuildFile; fileRef = D4BF50CA19C8688E003B9B44 /* NSMutableArray+SWUtilityButtons.m */; };
		D4BF50D619C8688E003B9B44 /* SWCellScrollView.m in Sources */ = {isa = PBXBuildFile; fileRef = D4BF50CC19C8688E003B9B44 /* SWCellScrollView.m */; };
		D4BF50D719C8688E003B9B44 /* SWLongPressGestureRecognizer.m in Sources */ = {isa = PBXBuildFile; fileRef = D4BF50CE19C8688E003B9B44 /* SWLongPressGestureRecognizer.m */; };
		D4BF50D819C8688E003B9B44 /* SWTableViewCell.m in Sources */ = {isa = PBXBuildFile; fileRef = D4BF50D019C8688E003B9B44 /* SWTableViewCell.m */; };
		D4BF50D919C8688E003B9B44 /* SWUtilityButtonTapGestureRecognizer.m in Sources */ = {isa = PBXBuildFile; fileRef = D4BF50D219C8688E003B9B44 /* SWUtilityButtonTapGestureRecognizer.m */; };
		D4BF50DA19C8688E003B9B44 /* SWUtilityButtonView.m in Sources */ = {isa = PBXBuildFile; fileRef = D4BF50D419C8688E003B9B44 /* SWUtilityButtonView.m */; };
		D4D83D67186D940F00573CAE /* RegExCategories.m in Sources */ = {isa = PBXBuildFile; fileRef = D4D83D66186D940F00573CAE /* RegExCategories.m */; };
		D4D83D6A186DE15500573CAE /* DTCCell.m in Sources */ = {isa = PBXBuildFile; fileRef = D4D83D69186DE15500573CAE /* DTCCell.m */; };
		D4D83D6C186DE18000573CAE /* DTCCell.xib in Resources */ = {isa = PBXBuildFile; fileRef = D4D83D6B186DE18000573CAE /* DTCCell.xib */; };
/* End PBXBuildFile section */

/* Begin PBXFileReference section */
		D419B6C2186EEEAD00A914CD /* DTCNetworkManager.h */ = {isa = PBXFileReference; fileEncoding = 4; lastKnownFileType = sourcecode.c.h; path = DTCNetworkManager.h; sourceTree = "<group>"; };
		D419B6C3186EEEAD00A914CD /* DTCNetworkManager.m */ = {isa = PBXFileReference; fileEncoding = 4; lastKnownFileType = sourcecode.c.objc; path = DTCNetworkManager.m; sourceTree = "<group>"; };
		D419B6C61870875B00A914CD /* DTCCallViewController.h */ = {isa = PBXFileReference; fileEncoding = 4; lastKnownFileType = sourcecode.c.h; path = DTCCallViewController.h; sourceTree = "<group>"; };
		D419B6C71870875B00A914CD /* DTCCallViewController.m */ = {isa = PBXFileReference; fileEncoding = 4; lastKnownFileType = sourcecode.c.objc; path = DTCCallViewController.m; sourceTree = "<group>"; };
		D424405F186D76B500ED713D /* DTCAddressBook.h */ = {isa = PBXFileReference; fileEncoding = 4; lastKnownFileType = sourcecode.c.h; path = DTCAddressBook.h; sourceTree = "<group>"; };
		D4244060186D76B500ED713D /* DTCAddressBook.m */ = {isa = PBXFileReference; fileEncoding = 4; lastKnownFileType = sourcecode.c.objc; path = DTCAddressBook.m; sourceTree = "<group>"; };
		D4244062186D807D00ED713D /* AddressBook.framework */ = {isa = PBXFileReference; lastKnownFileType = wrapper.framework; name = AddressBook.framework; path = System/Library/Frameworks/AddressBook.framework; sourceTree = SDKROOT; };
		D4244064186D80AA00ED713D /* AddressBookUI.framework */ = {isa = PBXFileReference; lastKnownFileType = wrapper.framework; name = AddressBookUI.framework; path = System/Library/Frameworks/AddressBookUI.framework; sourceTree = SDKROOT; };
		D4477F5F186E3F21008FADCF /* PRPAlertView.h */ = {isa = PBXFileReference; fileEncoding = 4; lastKnownFileType = sourcecode.c.h; path = PRPAlertView.h; sourceTree = "<group>"; };
		D4477F60186E3F21008FADCF /* PRPAlertView.m */ = {isa = PBXFileReference; fileEncoding = 4; lastKnownFileType = sourcecode.c.objc; path = PRPAlertView.m; sourceTree = "<group>"; };
		D480213418B1416E0056B0F7 /* STHTTPRequest.h */ = {isa = PBXFileReference; fileEncoding = 4; lastKnownFileType = sourcecode.c.h; path = STHTTPRequest.h; sourceTree = "<group>"; };
		D480213518B1416E0056B0F7 /* STHTTPRequest.m */ = {isa = PBXFileReference; fileEncoding = 4; lastKnownFileType = sourcecode.c.objc; path = STHTTPRequest.m; sourceTree = "<group>"; };
		D480213818B145100056B0F7 /* Reachability.h */ = {isa = PBXFileReference; fileEncoding = 4; lastKnownFileType = sourcecode.c.h; path = Reachability.h; sourceTree = "<group>"; };
		D480213918B145100056B0F7 /* Reachability.m */ = {isa = PBXFileReference; fileEncoding = 4; lastKnownFileType = sourcecode.c.objc; path = Reachability.m; sourceTree = "<group>"; };
		D49BCBB8186732C900053424 /* phonecalls.app */ = {isa = PBXFileReference; explicitFileType = wrapper.application; includeInIndex = 0; path = phonecalls.app; sourceTree = BUILT_PRODUCTS_DIR; };
		D49BCBBB186732C900053424 /* Foundation.framework */ = {isa = PBXFileReference; lastKnownFileType = wrapper.framework; name = Foundation.framework; path = System/Library/Frameworks/Foundation.framework; sourceTree = SDKROOT; };
		D49BCBBD186732C900053424 /* CoreGraphics.framework */ = {isa = PBXFileReference; lastKnownFileType = wrapper.framework; name = CoreGraphics.framework; path = System/Library/Frameworks/CoreGraphics.framework; sourceTree = SDKROOT; };
		D49BCBBF186732C900053424 /* UIKit.framework */ = {isa = PBXFileReference; lastKnownFileType = wrapper.framework; name = UIKit.framework; path = System/Library/Frameworks/UIKit.framework; sourceTree = SDKROOT; };
		D49BCBC3186732C900053424 /* phonecalls-Info.plist */ = {isa = PBXFileReference; lastKnownFileType = text.plist.xml; path = "phonecalls-Info.plist"; sourceTree = "<group>"; };
		D49BCBC7186732C900053424 /* main.m */ = {isa = PBXFileReference; lastKnownFileType = sourcecode.c.objc; path = main.m; sourceTree = "<group>"; };
		D49BCBC9186732C900053424 /* phonecalls-Prefix.pch */ = {isa = PBXFileReference; lastKnownFileType = sourcecode.c.h; path = "phonecalls-Prefix.pch"; sourceTree = "<group>"; };
		D49BCBCA186732C900053424 /* DTCAppDelegate.h */ = {isa = PBXFileReference; lastKnownFileType = sourcecode.c.h; path = DTCAppDelegate.h; sourceTree = "<group>"; };
		D49BCBCB186732C900053424 /* DTCAppDelegate.m */ = {isa = PBXFileReference; lastKnownFileType = sourcecode.c.objc; path = DTCAppDelegate.m; sourceTree = "<group>"; };
		D49BCBD0186732C900053424 /* DTCAnsweredCallsViewController.h */ = {isa = PBXFileReference; lastKnownFileType = sourcecode.c.h; path = DTCAnsweredCallsViewController.h; sourceTree = "<group>"; };
		D49BCBD1186732C900053424 /* DTCAnsweredCallsViewController.m */ = {isa = PBXFileReference; lastKnownFileType = sourcecode.c.objc; path = DTCAnsweredCallsViewController.m; sourceTree = "<group>"; };
		D49BCBD3186732C900053424 /* DTCMissedCallsViewController.h */ = {isa = PBXFileReference; lastKnownFileType = sourcecode.c.h; path = DTCMissedCallsViewController.h; sourceTree = "<group>"; };
		D49BCBD4186732C900053424 /* DTCMissedCallsViewController.m */ = {isa = PBXFileReference; lastKnownFileType = sourcecode.c.objc; path = DTCMissedCallsViewController.m; sourceTree = "<group>"; };
		D49BCBD6186732C900053424 /* Images.xcassets */ = {isa = PBXFileReference; lastKnownFileType = folder.assetcatalog; path = Images.xcassets; sourceTree = "<group>"; };
		D4B3A5AE1870B3E100ED8755 /* fr */ = {isa = PBXFileReference; lastKnownFileType = text.plist.strings; name = fr; path = fr.lproj/InfoPlist.strings; sourceTree = "<group>"; };
		D4BF50C919C8688E003B9B44 /* NSMutableArray+SWUtilityButtons.h */ = {isa = PBXFileReference; fileEncoding = 4; lastKnownFileType = sourcecode.c.h; path = "NSMutableArray+SWUtilityButtons.h"; sourceTree = "<group>"; };
		D4BF50CA19C8688E003B9B44 /* NSMutableArray+SWUtilityButtons.m */ = {isa = PBXFileReference; fileEncoding = 4; lastKnownFileType = sourcecode.c.objc; path = "NSMutableArray+SWUtilityButtons.m"; sourceTree = "<group>"; };
		D4BF50CB19C8688E003B9B44 /* SWCellScrollView.h */ = {isa = PBXFileReference; fileEncoding = 4; lastKnownFileType = sourcecode.c.h; path = SWCellScrollView.h; sourceTree = "<group>"; };
		D4BF50CC19C8688E003B9B44 /* SWCellScrollView.m */ = {isa = PBXFileReference; fileEncoding = 4; lastKnownFileType = sourcecode.c.objc; path = SWCellScrollView.m; sourceTree = "<group>"; };
		D4BF50CD19C8688E003B9B44 /* SWLongPressGestureRecognizer.h */ = {isa = PBXFileReference; fileEncoding = 4; lastKnownFileType = sourcecode.c.h; path = SWLongPressGestureRecognizer.h; sourceTree = "<group>"; };
		D4BF50CE19C8688E003B9B44 /* SWLongPressGestureRecognizer.m */ = {isa = PBXFileReference; fileEncoding = 4; lastKnownFileType = sourcecode.c.objc; path = SWLongPressGestureRecognizer.m; sourceTree = "<group>"; };
		D4BF50CF19C8688E003B9B44 /* SWTableViewCell.h */ = {isa = PBXFileReference; fileEncoding = 4; lastKnownFileType = sourcecode.c.h; path = SWTableViewCell.h; sourceTree = "<group>"; };
		D4BF50D019C8688E003B9B44 /* SWTableViewCell.m */ = {isa = PBXFileReference; fileEncoding = 4; lastKnownFileType = sourcecode.c.objc; path = SWTableViewCell.m; sourceTree = "<group>"; };
		D4BF50D119C8688E003B9B44 /* SWUtilityButtonTapGestureRecognizer.h */ = {isa = PBXFileReference; fileEncoding = 4; lastKnownFileType = sourcecode.c.h; path = SWUtilityButtonTapGestureRecognizer.h; sourceTree = "<group>"; };
		D4BF50D219C8688E003B9B44 /* SWUtilityButtonTapGestureRecognizer.m */ = {isa = PBXFileReference; fileEncoding = 4; lastKnownFileType = sourcecode.c.objc; path = SWUtilityButtonTapGestureRecognizer.m; sourceTree = "<group>"; };
		D4BF50D319C8688E003B9B44 /* SWUtilityButtonView.h */ = {isa = PBXFileReference; fileEncoding = 4; lastKnownFileType = sourcecode.c.h; path = SWUtilityButtonView.h; sourceTree = "<group>"; };
		D4BF50D419C8688E003B9B44 /* SWUtilityButtonView.m */ = {isa = PBXFileReference; fileEncoding = 4; lastKnownFileType = sourcecode.c.objc; path = SWUtilityButtonView.m; sourceTree = "<group>"; };
		D4D83D65186D940F00573CAE /* RegExCategories.h */ = {isa = PBXFileReference; fileEncoding = 4; lastKnownFileType = sourcecode.c.h; path = RegExCategories.h; sourceTree = "<group>"; };
		D4D83D66186D940F00573CAE /* RegExCategories.m */ = {isa = PBXFileReference; fileEncoding = 4; lastKnownFileType = sourcecode.c.objc; path = RegExCategories.m; sourceTree = "<group>"; };
		D4D83D68186DE15500573CAE /* DTCCell.h */ = {isa = PBXFileReference; fileEncoding = 4; lastKnownFileType = sourcecode.c.h; path = DTCCell.h; sourceTree = "<group>"; };
		D4D83D69186DE15500573CAE /* DTCCell.m */ = {isa = PBXFileReference; fileEncoding = 4; lastKnownFileType = sourcecode.c.objc; path = DTCCell.m; sourceTree = "<group>"; };
		D4D83D6B186DE18000573CAE /* DTCCell.xib */ = {isa = PBXFileReference; fileEncoding = 4; lastKnownFileType = file.xib; path = DTCCell.xib; sourceTree = "<group>"; };
		D4F4C59218B1F98C0050983E /* plistVersionIncrement.sh */ = {isa = PBXFileReference; fileEncoding = 4; lastKnownFileType = text.script.sh; path = plistVersionIncrement.sh; sourceTree = "<group>"; };
/* End PBXFileReference section */

/* Begin PBXFrameworksBuildPhase section */
		D49BCBB5186732C900053424 /* Frameworks */ = {
			isa = PBXFrameworksBuildPhase;
			buildActionMask = 2147483647;
			files = (
				D4244065186D80AA00ED713D /* AddressBookUI.framework in Frameworks */,
				D4244063186D807D00ED713D /* AddressBook.framework in Frameworks */,
				D49BCBBE186732C900053424 /* CoreGraphics.framework in Frameworks */,
				D49BCBC0186732C900053424 /* UIKit.framework in Frameworks */,
				D49BCBBC186732C900053424 /* Foundation.framework in Frameworks */,
			);
			runOnlyForDeploymentPostprocessing = 0;
		};
/* End PBXFrameworksBuildPhase section */

/* Begin PBXGroup section */
		D419B6C5186F258A00A914CD /* Cells */ = {
			isa = PBXGroup;
			children = (
				D4D83D68186DE15500573CAE /* DTCCell.h */,
				D4D83D69186DE15500573CAE /* DTCCell.m */,
				D4D83D6B186DE18000573CAE /* DTCCell.xib */,
			);
			name = Cells;
			sourceTree = "<group>";
		};
		D4477F5E186E3F21008FADCF /* PRPAlertView */ = {
			isa = PBXGroup;
			children = (
				D4477F5F186E3F21008FADCF /* PRPAlertView.h */,
				D4477F60186E3F21008FADCF /* PRPAlertView.m */,
			);
			path = PRPAlertView;
			sourceTree = "<group>";
		};
		D480213318B1416E0056B0F7 /* STHTTPRequest */ = {
			isa = PBXGroup;
			children = (
				D480213418B1416E0056B0F7 /* STHTTPRequest.h */,
				D480213518B1416E0056B0F7 /* STHTTPRequest.m */,
			);
			path = STHTTPRequest;
			sourceTree = "<group>";
		};
		D480213718B145100056B0F7 /* Reachability */ = {
			isa = PBXGroup;
			children = (
				D480213818B145100056B0F7 /* Reachability.h */,
				D480213918B145100056B0F7 /* Reachability.m */,
			);
			path = Reachability;
			sourceTree = "<group>";
		};
		D49BCBAF186732C900053424 = {
			isa = PBXGroup;
			children = (
				D49BCBC1186732C900053424 /* phonecalls */,
				D49BCBBA186732C900053424 /* Frameworks */,
				D49BCBB9186732C900053424 /* Products */,
			);
			sourceTree = "<group>";
		};
		D49BCBB9186732C900053424 /* Products */ = {
			isa = PBXGroup;
			children = (
				D49BCBB8186732C900053424 /* phonecalls.app */,
			);
			name = Products;
			sourceTree = "<group>";
		};
		D49BCBBA186732C900053424 /* Frameworks */ = {
			isa = PBXGroup;
			children = (
				D4244064186D80AA00ED713D /* AddressBookUI.framework */,
				D4244062186D807D00ED713D /* AddressBook.framework */,
				D49BCBBB186732C900053424 /* Foundation.framework */,
				D49BCBBD186732C900053424 /* CoreGraphics.framework */,
				D49BCBBF186732C900053424 /* UIKit.framework */,
			);
			name = Frameworks;
			sourceTree = "<group>";
		};
		D49BCBC1186732C900053424 /* phonecalls */ = {
			isa = PBXGroup;
			children = (
				D4BF50C819C8688E003B9B44 /* SWTableViewCell */,
				D480213718B145100056B0F7 /* Reachability */,
				D480213318B1416E0056B0F7 /* STHTTPRequest */,
				D4D83D64186D940F00573CAE /* RegExCategories */,
				D4477F5E186E3F21008FADCF /* PRPAlertView */,
				D419B6C5186F258A00A914CD /* Cells */,
				D49BCBCA186732C900053424 /* DTCAppDelegate.h */,
				D49BCBCB186732C900053424 /* DTCAppDelegate.m */,
				D419B6C2186EEEAD00A914CD /* DTCNetworkManager.h */,
				D419B6C3186EEEAD00A914CD /* DTCNetworkManager.m */,
				D424405F186D76B500ED713D /* DTCAddressBook.h */,
				D4244060186D76B500ED713D /* DTCAddressBook.m */,
				D419B6C61870875B00A914CD /* DTCCallViewController.h */,
				D419B6C71870875B00A914CD /* DTCCallViewController.m */,
				D49BCBD0186732C900053424 /* DTCAnsweredCallsViewController.h */,
				D49BCBD1186732C900053424 /* DTCAnsweredCallsViewController.m */,
				D49BCBD3186732C900053424 /* DTCMissedCallsViewController.h */,
				D49BCBD4186732C900053424 /* DTCMissedCallsViewController.m */,
				D49BCBD6186732C900053424 /* Images.xcassets */,
				D49BCBC2186732C900053424 /* Supporting Files */,
			);
			path = phonecalls;
			sourceTree = "<group>";
		};
		D49BCBC2186732C900053424 /* Supporting Files */ = {
			isa = PBXGroup;
			children = (
				D4F4C59218B1F98C0050983E /* plistVersionIncrement.sh */,
				D49BCBC3186732C900053424 /* phonecalls-Info.plist */,
				D49BCBC4186732C900053424 /* InfoPlist.strings */,
				D49BCBC7186732C900053424 /* main.m */,
				D49BCBC9186732C900053424 /* phonecalls-Prefix.pch */,
			);
			name = "Supporting Files";
			sourceTree = "<group>";
		};
		D4BF50C819C8688E003B9B44 /* SWTableViewCell */ = {
			isa = PBXGroup;
			children = (
				D4BF50C919C8688E003B9B44 /* NSMutableArray+SWUtilityButtons.h */,
				D4BF50CA19C8688E003B9B44 /* NSMutableArray+SWUtilityButtons.m */,
				D4BF50CB19C8688E003B9B44 /* SWCellScrollView.h */,
				D4BF50CC19C8688E003B9B44 /* SWCellScrollView.m */,
				D4BF50CD19C8688E003B9B44 /* SWLongPressGestureRecognizer.h */,
				D4BF50CE19C8688E003B9B44 /* SWLongPressGestureRecognizer.m */,
				D4BF50CF19C8688E003B9B44 /* SWTableViewCell.h */,
				D4BF50D019C8688E003B9B44 /* SWTableViewCell.m */,
				D4BF50D119C8688E003B9B44 /* SWUtilityButtonTapGestureRecognizer.h */,
				D4BF50D219C8688E003B9B44 /* SWUtilityButtonTapGestureRecognizer.m */,
				D4BF50D319C8688E003B9B44 /* SWUtilityButtonView.h */,
				D4BF50D419C8688E003B9B44 /* SWUtilityButtonView.m */,
			);
			path = SWTableViewCell;
			sourceTree = "<group>";
		};
		D4D83D64186D940F00573CAE /* RegExCategories */ = {
			isa = PBXGroup;
			children = (
				D4D83D65186D940F00573CAE /* RegExCategories.h */,
				D4D83D66186D940F00573CAE /* RegExCategories.m */,
			);
			path = RegExCategories;
			sourceTree = "<group>";
		};
/* End PBXGroup section */

/* Begin PBXNativeTarget section */
		D49BCBB7186732C900053424 /* phonecalls */ = {
			isa = PBXNativeTarget;
			buildConfigurationList = D49BCBED186732C900053424 /* Build configuration list for PBXNativeTarget "phonecalls" */;
			buildPhases = (
				D49BCBB4186732C900053424 /* Sources */,
				D49BCBB5186732C900053424 /* Frameworks */,
				D49BCBB6186732C900053424 /* Resources */,
				D4F4C59418B1FB650050983E /* ShellScript */,
			);
			buildRules = (
			);
			dependencies = (
			);
			name = phonecalls;
			productName = phonecalls;
			productReference = D49BCBB8186732C900053424 /* phonecalls.app */;
			productType = "com.apple.product-type.application";
		};
/* End PBXNativeTarget section */

/* Begin PBXProject section */
		D49BCBB0186732C900053424 /* Project object */ = {
			isa = PBXProject;
			attributes = {
				CLASSPREFIX = DTC;
				LastUpgradeCheck = 0510;
				ORGANIZATIONNAME = Stephan;
				TargetAttributes = {
					D49BCBB7186732C900053424 = {
						DevelopmentTeam = HBXNQNX69S;
					};
				};
			};
			buildConfigurationList = D49BCBB3186732C900053424 /* Build configuration list for PBXProject "phonecalls" */;
			compatibilityVersion = "Xcode 3.2";
			developmentRegion = English;
			hasScannedForEncodings = 0;
			knownRegions = (
				en,
				Base,
				fr,
			);
			mainGroup = D49BCBAF186732C900053424;
			productRefGroup = D49BCBB9186732C900053424 /* Products */;
			projectDirPath = "";
			projectRoot = "";
			targets = (
				D49BCBB7186732C900053424 /* phonecalls */,
			);
		};
/* End PBXProject section */

/* Begin PBXResourcesBuildPhase section */
		D49BCBB6186732C900053424 /* Resources */ = {
			isa = PBXResourcesBuildPhase;
			buildActionMask = 2147483647;
			files = (
				D49BCBD7186732C900053424 /* Images.xcassets in Resources */,
				D49BCBC6186732C900053424 /* InfoPlist.strings in Resources */,
				D4D83D6C186DE18000573CAE /* DTCCell.xib in Resources */,
			);
			runOnlyForDeploymentPostprocessing = 0;
		};
/* End PBXResourcesBuildPhase section */

/* Begin PBXShellScriptBuildPhase section */
		D4F4C59418B1FB650050983E /* ShellScript */ = {
			isa = PBXShellScriptBuildPhase;
			buildActionMask = 2147483647;
			files = (
			);
			inputPaths = (
			);
			outputPaths = (
			);
			runOnlyForDeploymentPostprocessing = 0;
			shellPath = /bin/sh;
			shellScript = "${SRCROOT}/${TARGETNAME}/plistVersionIncrement.sh";
		};
/* End PBXShellScriptBuildPhase section */

/* Begin PBXSourcesBuildPhase section */
		D49BCBB4186732C900053424 /* Sources */ = {
			isa = PBXSourcesBuildPhase;
			buildActionMask = 2147483647;
			files = (
				D49BCBCC186732C900053424 /* DTCAppDelegate.m in Sources */,
				D49BCBD2186732C900053424 /* DTCAnsweredCallsViewController.m in Sources */,
				D4244061186D76B500ED713D /* DTCAddressBook.m in Sources */,
				D419B6C4186EEEAD00A914CD /* DTCNetworkManager.m in Sources */,
				D4D83D6A186DE15500573CAE /* DTCCell.m in Sources */,
				D4BF50D619C8688E003B9B44 /* SWCellScrollView.m in Sources */,
				D480213618B1416E0056B0F7 /* STHTTPRequest.m in Sources */,
				D4BF50D519C8688E003B9B44 /* NSMutableArray+SWUtilityButtons.m in Sources */,
				D4BF50D719C8688E003B9B44 /* SWLongPressGestureRecognizer.m in Sources */,
				D4BF50D819C8688E003B9B44 /* SWTableViewCell.m in Sources */,
				D49BCBD5186732C900053424 /* DTCMissedCallsViewController.m in Sources */,
				D4D83D67186D940F00573CAE /* RegExCategories.m in Sources */,
				D419B6C81870875B00A914CD /* DTCCallViewController.m in Sources */,
				D4BF50DA19C8688E003B9B44 /* SWUtilityButtonView.m in Sources */,
				D4477F61186E3F21008FADCF /* PRPAlertView.m in Sources */,
				D480213A18B145100056B0F7 /* Reachability.m in Sources */,
				D4BF50D919C8688E003B9B44 /* SWUtilityButtonTapGestureRecognizer.m in Sources */,
				D49BCBC8186732C900053424 /* main.m in Sources */,
			);
			runOnlyForDeploymentPostprocessing = 0;
		};
/* End PBXSourcesBuildPhase section */

/* Begin PBXVariantGroup section */
		D49BCBC4186732C900053424 /* InfoPlist.strings */ = {
			isa = PBXVariantGroup;
			children = (
				D4B3A5AE1870B3E100ED8755 /* fr */,
			);
			name = InfoPlist.strings;
			sourceTree = "<group>";
		};
/* End PBXVariantGroup section */

/* Begin XCBuildConfiguration section */
		D49BCBEB186732C900053424 /* Debug */ = {
			isa = XCBuildConfiguration;
			buildSettings = {
				ALWAYS_SEARCH_USER_PATHS = NO;
				CLANG_ENABLE_MODULES = YES;
				CLANG_ENABLE_OBJC_ARC = YES;
				CLANG_WARN_BOOL_CONVERSION = YES;
				CLANG_WARN_CONSTANT_CONVERSION = YES;
				CLANG_WARN_DIRECT_OBJC_ISA_USAGE = YES_ERROR;
				CLANG_WARN_EMPTY_BODY = YES;
				CLANG_WARN_ENUM_CONVERSION = YES;
				CLANG_WARN_INT_CONVERSION = YES;
				CLANG_WARN_OBJC_ROOT_CLASS = YES_ERROR;
				CLANG_WARN__DUPLICATE_METHOD_MATCH = YES;
				"CODE_SIGN_IDENTITY[sdk=iphoneos*]" = "iPhone Developer";
				COPY_PHASE_STRIP = NO;
				GCC_OPTIMIZATION_LEVEL = 0;
				GCC_PREPROCESSOR_DEFINITIONS = (
					"DEBUG=1",
					"$(inherited)",
				);
				GCC_WARN_ABOUT_RETURN_TYPE = YES_ERROR;
				GCC_WARN_UNDECLARED_SELECTOR = YES;
				GCC_WARN_UNINITIALIZED_AUTOS = YES;
				GCC_WARN_UNUSED_FUNCTION = YES;
				GCC_WARN_UNUSED_VARIABLE = YES;
				IPHONEOS_DEPLOYMENT_TARGET = 8.0;
				ONLY_ACTIVE_ARCH = YES;
				SDKROOT = iphoneos;
			};
			name = Debug;
		};
		D49BCBEC186732C900053424 /* Release */ = {
			isa = XCBuildConfiguration;
			buildSettings = {
				ALWAYS_SEARCH_USER_PATHS = NO;
				CLANG_ENABLE_MODULES = YES;
				CLANG_ENABLE_OBJC_ARC = YES;
				CLANG_WARN_BOOL_CONVERSION = YES;
				CLANG_WARN_CONSTANT_CONVERSION = YES;
				CLANG_WARN_DIRECT_OBJC_ISA_USAGE = YES_ERROR;
				CLANG_WARN_EMPTY_BODY = YES;
				CLANG_WARN_ENUM_CONVERSION = YES;
				CLANG_WARN_INT_CONVERSION = YES;
				CLANG_WARN_OBJC_ROOT_CLASS = YES_ERROR;
				CLANG_WARN__DUPLICATE_METHOD_MATCH = YES;
				"CODE_SIGN_IDENTITY[sdk=iphoneos*]" = "iPhone Developer";
				COPY_PHASE_STRIP = YES;
				ENABLE_NS_ASSERTIONS = NO;
				GCC_WARN_ABOUT_RETURN_TYPE = YES_ERROR;
				GCC_WARN_UNDECLARED_SELECTOR = YES;
				GCC_WARN_UNINITIALIZED_AUTOS = YES;
				GCC_WARN_UNUSED_FUNCTION = YES;
				GCC_WARN_UNUSED_VARIABLE = YES;
				IPHONEOS_DEPLOYMENT_TARGET = 8.0;
				SDKROOT = iphoneos;
				VALIDATE_PRODUCT = YES;
			};
			name = Release;
		};
		D49BCBEE186732C900053424 /* Debug */ = {
			isa = XCBuildConfiguration;
			buildSettings = {
				ASSETCATALOG_COMPILER_APPICON_NAME = AppIcon;
				ASSETCATALOG_COMPILER_LAUNCHIMAGE_NAME = LaunchImage;
				CODE_SIGN_IDENTITY = "iPhone Developer";
				GCC_PRECOMPILE_PREFIX_HEADER = YES;
				GCC_PREFIX_HEADER = "phonecalls/phonecalls-Prefix.pch";
				INFOPLIST_FILE = "phonecalls/phonecalls-Info.plist";
				PRODUCT_NAME = "$(TARGET_NAME)";
				WRAPPER_EXTENSION = app;
			};
			name = Debug;
		};
		D49BCBEF186732C900053424 /* Release */ = {
			isa = XCBuildConfiguration;
			buildSettings = {
				ASSETCATALOG_COMPILER_APPICON_NAME = AppIcon;
				ASSETCATALOG_COMPILER_LAUNCHIMAGE_NAME = LaunchImage;
				CODE_SIGN_IDENTITY = "iPhone Developer";
				GCC_PRECOMPILE_PREFIX_HEADER = YES;
				GCC_PREFIX_HEADER = "phonecalls/phonecalls-Prefix.pch";
				INFOPLIST_FILE = "phonecalls/phonecalls-Info.plist";
				PRODUCT_NAME = "$(TARGET_NAME)";
				WRAPPER_EXTENSION = app;
			};
			name = Release;
		};
/* End XCBuildConfiguration section */

/* Begin XCConfigurationList section */
		D49BCBB3186732C900053424 /* Build configuration list for PBXProject "phonecalls" */ = {
			isa = XCConfigurationList;
			buildConfigurations = (
				D49BCBEB186732C900053424 /* Debug */,
				D49BCBEC186732C900053424 /* Release */,
			);
			defaultConfigurationIsVisible = 0;
			defaultConfigurationName = Release;
		};
		D49BCBED186732C900053424 /* Build configuration list for PBXNativeTarget "phonecalls" */ = {
			isa = XCConfigurationList;
			buildConfigurations = (
				D49BCBEE186732C900053424 /* Debug */,
				D49BCBEF186732C900053424 /* Release */,
			);
			defaultConfigurationIsVisible = 0;
			defaultConfigurationName = Release;
		};
/* End XCConfigurationList section */
	};
	rootObject = D49BCBB0186732C900053424 /* Project object */;
}
